
Microsoft Visual Studio Solution File, Format Version 12.00
# Visual Studio 15
Project("{FAE04EC0-301F-11D3-BF4B-00C04F79EFBC}") = "Assembly-CSharp", "Assembly-CSharp.csproj", "{CC1A9C2E-0A9B-10C5-F289-67EE99EC986D}"
EndProject
Project("{FAE04EC0-301F-11D3-BF4B-00C04F79EFBC}") = "Assembly-CSharp-Editor", "Assembly-CSharp-Editor.csproj", "{AE69BDB3-AC53-68F2-B9D9-0CC2C349B767}"
EndProject
Global
	GlobalSection(SolutionConfigurationPlatforms) = preSolution
		Debug|Any CPU = Debug|Any CPU
		Release|Any CPU = Release|Any CPU
	EndGlobalSection
	GlobalSection(ProjectConfigurationPlatforms) = postSolution
		{CC1A9C2E-0A9B-10C5-F289-67EE99EC986D}.Debug|Any CPU.ActiveCfg = Debug|Any CPU
		{CC1A9C2E-0A9B-10C5-F289-67EE99EC986D}.Debug|Any CPU.Build.0 = Debug|Any CPU
		{CC1A9C2E-0A9B-10C5-F289-67EE99EC986D}.Release|Any CPU.ActiveCfg = Release|Any CPU
		{CC1A9C2E-0A9B-10C5-F289-67EE99EC986D}.Release|Any CPU.Build.0 = Release|Any CPU
		{AE69BDB3-AC53-68F2-B9D9-0CC2C349B767}.Debug|Any CPU.ActiveCfg = Debug|Any CPU
		{AE69BDB3-AC53-68F2-B9D9-0CC2C349B767}.Debug|Any CPU.Build.0 = Debug|Any CPU
		{AE69BDB3-AC53-68F2-B9D9-0CC2C349B767}.Release|Any CPU.ActiveCfg = Release|Any CPU
		{AE69BDB3-AC53-68F2-B9D9-0CC2C349B767}.Release|Any CPU.Build.0 = Release|Any CPU
	EndGlobalSection
	GlobalSection(SolutionProperties) = preSolution
		HideSolutionNode = FALSE
	EndGlobalSection
EndGlobal
